
Microsoft Visual Studio Solution File, Format Version 12.00
# Visual Studio Version 17
VisualStudioVersion = 17.5.33530.505
MinimumVisualStudioVersion = 10.0.40219.1
Project("{FAE04EC0-301F-11D3-BF4B-00C04F79EFBC}") = "WordFinder", "WordFinder\WordFinder.csproj", "{CF6B4BB7-B676-4F05-978A-72B36455C94A}"
EndProject
Project("{FAE04EC0-301F-11D3-BF4B-00C04F79EFBC}") = "WordFinder.Test", "WordFinder.Test\WordFinder.Test.csproj", "{91DE9835-6024-4556-BE4A-B30F32457185}"
EndProject
Global
	GlobalSection(SolutionConfigurationPlatforms) = preSolution
		Debug|Any CPU = Debug|Any CPU
		Release|Any CPU = Release|Any CPU
	EndGlobalSection
	GlobalSection(ProjectConfigurationPlatforms) = postSolution
		{CF6B4BB7-B676-4F05-978A-72B36455C94A}.Debug|Any CPU.ActiveCfg = Debug|Any CPU
		{CF6B4BB7-B676-4F05-978A-72B36455C94A}.Debug|Any CPU.Build.0 = Debug|Any CPU
		{CF6B4BB7-B676-4F05-978A-72B36455C94A}.Release|Any CPU.ActiveCfg = Release|Any CPU
		{CF6B4BB7-B676-4F05-978A-72B36455C94A}.Release|Any CPU.Build.0 = Release|Any CPU
		{91DE9835-6024-4556-BE4A-B30F32457185}.Debug|Any CPU.ActiveCfg = Debug|Any CPU
		{91DE9835-6024-4556-BE4A-B30F32457185}.Debug|Any CPU.Build.0 = Debug|Any CPU
		{91DE9835-6024-4556-BE4A-B30F32457185}.Release|Any CPU.ActiveCfg = Release|Any CPU
		{91DE9835-6024-4556-BE4A-B30F32457185}.Release|Any CPU.Build.0 = Release|Any CPU
	EndGlobalSection
	GlobalSection(SolutionProperties) = preSolution
		HideSolutionNode = FALSE
	EndGlobalSection
	GlobalSection(ExtensibilityGlobals) = postSolution
		SolutionGuid = {E789AD80-701C-4C7D-9717-DC84E69B422F}
	EndGlobalSection
EndGlobal
